// !$*UTF8*$!
{
	archiveVersion = 1;
	classes = {
	};
	objectVersion = 55;
	objects = {

/* Begin PBXBuildFile section */
		AF503DA0286779D2001244F7 /* Constants.swift in Sources */ = {isa = PBXBuildFile; fileRef = AF503D9F286779D2001244F7 /* Constants.swift */; };
		AF503DA228678009001244F7 /* TopBarView.swift in Sources */ = {isa = PBXBuildFile; fileRef = AF503DA128678009001244F7 /* TopBarView.swift */; };
		AF503DA528678424001244F7 /* DateViewModel.swift in Sources */ = {isa = PBXBuildFile; fileRef = AF503DA428678424001244F7 /* DateViewModel.swift */; };
		AF503DA728679320001244F7 /* LocationManager.swift in Sources */ = {isa = PBXBuildFile; fileRef = AF503DA628679320001244F7 /* LocationManager.swift */; };
		AF503DAA2867B8A3001244F7 /* ButtomBarView.swift in Sources */ = {isa = PBXBuildFile; fileRef = AF503DA92867B8A3001244F7 /* ButtomBarView.swift */; };
		AF503DAE2867C0B2001244F7 /* WeatherManager.swift in Sources */ = {isa = PBXBuildFile; fileRef = AF503DAD2867C0B2001244F7 /* WeatherManager.swift */; };
		AF646AAE286A242000848291 /* WeatherData.swift in Sources */ = {isa = PBXBuildFile; fileRef = AF646AAD286A242000848291 /* WeatherData.swift */; };
		AF646AB2286A3C5800848291 /* LoadingView.swift in Sources */ = {isa = PBXBuildFile; fileRef = AF646AB1286A3C5800848291 /* LoadingView.swift */; };
		AF89D72328638F4700E5BCE3 /* Weather_AppApp.swift in Sources */ = {isa = PBXBuildFile; fileRef = AF89D72228638F4700E5BCE3 /* Weather_AppApp.swift */; };
		AF89D72528638F4700E5BCE3 /* MainView.swift in Sources */ = {isa = PBXBuildFile; fileRef = AF89D72428638F4700E5BCE3 /* MainView.swift */; };
		AF89D72728638F4700E5BCE3 /* Assets.xcassets in Resources */ = {isa = PBXBuildFile; fileRef = AF89D72628638F4700E5BCE3 /* Assets.xcassets */; };
		AF89D72A28638F4700E5BCE3 /* Preview Assets.xcassets in Resources */ = {isa = PBXBuildFile; fileRef = AF89D72928638F4700E5BCE3 /* Preview Assets.xcassets */; };
/* End PBXBuildFile section */

/* Begin PBXFileReference section */
		AF503D9F286779D2001244F7 /* Constants.swift */ = {isa = PBXFileReference; lastKnownFileType = sourcecode.swift; path = Constants.swift; sourceTree = "<group>"; };
		AF503DA128678009001244F7 /* TopBarView.swift */ = {isa = PBXFileReference; lastKnownFileType = sourcecode.swift; path = TopBarView.swift; sourceTree = "<group>"; };
		AF503DA428678424001244F7 /* DateViewModel.swift */ = {isa = PBXFileReference; lastKnownFileType = sourcecode.swift; path = DateViewModel.swift; sourceTree = "<group>"; };
		AF503DA628679320001244F7 /* LocationManager.swift */ = {isa = PBXFileReference; lastKnownFileType = sourcecode.swift; path = LocationManager.swift; sourceTree = "<group>"; };
		AF503DA92867B8A3001244F7 /* ButtomBarView.swift */ = {isa = PBXFileReference; lastKnownFileType = sourcecode.swift; path = ButtomBarView.swift; sourceTree = "<group>"; };
		AF503DAD2867C0B2001244F7 /* WeatherManager.swift */ = {isa = PBXFileReference; lastKnownFileType = sourcecode.swift; path = WeatherManager.swift; sourceTree = "<group>"; };
		AF646AAD286A242000848291 /* WeatherData.swift */ = {isa = PBXFileReference; lastKnownFileType = sourcecode.swift; path = WeatherData.swift; sourceTree = "<group>"; };
		AF646AB1286A3C5800848291 /* LoadingView.swift */ = {isa = PBXFileReference; lastKnownFileType = sourcecode.swift; path = LoadingView.swift; sourceTree = "<group>"; };
		AF89D71F28638F4700E5BCE3 /* Weather App.app */ = {isa = PBXFileReference; explicitFileType = wrapper.application; includeInIndex = 0; path = "Weather App.app"; sourceTree = BUILT_PRODUCTS_DIR; };
		AF89D72228638F4700E5BCE3 /* Weather_AppApp.swift */ = {isa = PBXFileReference; lastKnownFileType = sourcecode.swift; path = Weather_AppApp.swift; sourceTree = "<group>"; };
		AF89D72428638F4700E5BCE3 /* MainView.swift */ = {isa = PBXFileReference; lastKnownFileType = sourcecode.swift; path = MainView.swift; sourceTree = "<group>"; };
		AF89D72628638F4700E5BCE3 /* Assets.xcassets */ = {isa = PBXFileReference; lastKnownFileType = folder.assetcatalog; path = Assets.xcassets; sourceTree = "<group>"; };
		AF89D72928638F4700E5BCE3 /* Preview Assets.xcassets */ = {isa = PBXFileReference; lastKnownFileType = folder.assetcatalog; path = "Preview Assets.xcassets"; sourceTree = "<group>"; };
/* End PBXFileReference section */

/* Begin PBXFrameworksBuildPhase section */
		AF89D71C28638F4700E5BCE3 /* Frameworks */ = {
			isa = PBXFrameworksBuildPhase;
			buildActionMask = 2147483647;
			files = (
			);
			runOnlyForDeploymentPostprocessing = 0;
		};
/* End PBXFrameworksBuildPhase section */

/* Begin PBXGroup section */
		AF34B47F2867C49B00B9C729 /* Model */ = {
			isa = PBXGroup;
			children = (
				AF646AAD286A242000848291 /* WeatherData.swift */,
			);
			path = Model;
			sourceTree = "<group>";
		};
		AF503D9D2867792D001244F7 /* Views */ = {
			isa = PBXGroup;
			children = (
				AF89D72428638F4700E5BCE3 /* MainView.swift */,
				AF503DA128678009001244F7 /* TopBarView.swift */,
				AF503DA92867B8A3001244F7 /* ButtomBarView.swift */,
				AF646AB1286A3C5800848291 /* LoadingView.swift */,
			);
			path = Views;
			sourceTree = "<group>";
		};
		AF503D9E286779AA001244F7 /* Mimiscellaneous */ = {
			isa = PBXGroup;
			children = (
				AF503D9F286779D2001244F7 /* Constants.swift */,
			);
			path = Mimiscellaneous;
			sourceTree = "<group>";
		};
		AF503DA32867840C001244F7 /* ViewModel */ = {
			isa = PBXGroup;
			children = (
				AF503DA428678424001244F7 /* DateViewModel.swift */,
				AF503DA628679320001244F7 /* LocationManager.swift */,
				AF503DAD2867C0B2001244F7 /* WeatherManager.swift */,
			);
			path = ViewModel;
			sourceTree = "<group>";
		};
		AF89D71628638F4700E5BCE3 = {
			isa = PBXGroup;
			children = (
				AF89D72128638F4700E5BCE3 /* Weather App */,
				AF89D72028638F4700E5BCE3 /* Products */,
			);
			sourceTree = "<group>";
		};
		AF89D72028638F4700E5BCE3 /* Products */ = {
			isa = PBXGroup;
			children = (
				AF89D71F28638F4700E5BCE3 /* Weather App.app */,
			);
			name = Products;
			sourceTree = "<group>";
		};
		AF89D72128638F4700E5BCE3 /* Weather App */ = {
			isa = PBXGroup;
			children = (
				AF89D72228638F4700E5BCE3 /* Weather_AppApp.swift */,
				AF34B47F2867C49B00B9C729 /* Model */,
				AF503DA32867840C001244F7 /* ViewModel */,
				AF503D9D2867792D001244F7 /* Views */,
				AF503D9E286779AA001244F7 /* Mimiscellaneous */,
				AF89D72628638F4700E5BCE3 /* Assets.xcassets */,
				AF89D72828638F4700E5BCE3 /* Preview Content */,
			);
			path = "Weather App";
			sourceTree = "<group>";
		};
		AF89D72828638F4700E5BCE3 /* Preview Content */ = {
			isa = PBXGroup;
			children = (
				AF89D72928638F4700E5BCE3 /* Preview Assets.xcassets */,
			);
			path = "Preview Content";
			sourceTree = "<group>";
		};
/* End PBXGroup section */

/* Begin PBXNativeTarget section */
		AF89D71E28638F4700E5BCE3 /* Weather App */ = {
			isa = PBXNativeTarget;
			buildConfigurationList = AF89D72D28638F4700E5BCE3 /* Build configuration list for PBXNativeTarget "Weather App" */;
			buildPhases = (
				AF89D71B28638F4700E5BCE3 /* Sources */,
				AF89D71C28638F4700E5BCE3 /* Frameworks */,
				AF89D71D28638F4700E5BCE3 /* Resources */,
			);
			buildRules = (
			);
			dependencies = (
			);
			name = "Weather App";
			productName = "Weather App";
			productReference = AF89D71F28638F4700E5BCE3 /* Weather App.app */;
			productType = "com.apple.product-type.application";
		};
/* End PBXNativeTarget section */

/* Begin PBXProject section */
		AF89D71728638F4700E5BCE3 /* Project object */ = {
			isa = PBXProject;
			attributes = {
				BuildIndependentTargetsInParallel = 1;
				LastSwiftUpdateCheck = 1340;
				LastUpgradeCheck = 1340;
				TargetAttributes = {
					AF89D71E28638F4700E5BCE3 = {
						CreatedOnToolsVersion = 13.4.1;
					};
				};
			};
			buildConfigurationList = AF89D71A28638F4700E5BCE3 /* Build configuration list for PBXProject "Weather App" */;
			compatibilityVersion = "Xcode 13.0";
			developmentRegion = en;
			hasScannedForEncodings = 0;
			knownRegions = (
				en,
				Base,
			);
			mainGroup = AF89D71628638F4700E5BCE3;
			productRefGroup = AF89D72028638F4700E5BCE3 /* Products */;
			projectDirPath = "";
			projectRoot = "";
			targets = (
				AF89D71E28638F4700E5BCE3 /* Weather App */,
			);
		};
/* End PBXProject section */

/* Begin PBXResourcesBuildPhase section */
		AF89D71D28638F4700E5BCE3 /* Resources */ = {
			isa = PBXResourcesBuildPhase;
			buildActionMask = 2147483647;
			files = (
				AF89D72A28638F4700E5BCE3 /* Preview Assets.xcassets in Resources */,
				AF89D72728638F4700E5BCE3 /* Assets.xcassets in Resources */,
			);
			runOnlyForDeploymentPostprocessing = 0;
		};
/* End PBXResourcesBuildPhase section */

/* Begin PBXSourcesBuildPhase section */
		AF89D71B28638F4700E5BCE3 /* Sources */ = {
			isa = PBXSourcesBuildPhase;
			buildActionMask = 2147483647;
			files = (
				AF89D72528638F4700E5BCE3 /* MainView.swift in Sources */,
				AF503DA728679320001244F7 /* LocationManager.swift in Sources */,
				AF89D72328638F4700E5BCE3 /* Weather_AppApp.swift in Sources */,
				AF646AB2286A3C5800848291 /* LoadingView.swift in Sources */,
				AF503DA528678424001244F7 /* DateViewModel.swift in Sources */,
				AF646AAE286A242000848291 /* WeatherData.swift in Sources */,
				AF503DA228678009001244F7 /* TopBarView.swift in Sources */,
				AF503DAA2867B8A3001244F7 /* ButtomBarView.swift in Sources */,
				AF503DAE2867C0B2001244F7 /* WeatherManager.swift in Sources */,
				AF503DA0286779D2001244F7 /* Constants.swift in Sources */,
			);
			runOnlyForDeploymentPostprocessing = 0;
		};
/* End PBXSourcesBuildPhase section */

/* Begin XCBuildConfiguration section */
		AF89D72B28638F4700E5BCE3 /* Debug */ = {
			isa = XCBuildConfiguration;
			buildSettings = {
				ALWAYS_SEARCH_USER_PATHS = NO;
				CLANG_ANALYZER_NONNULL = YES;
				CLANG_ANALYZER_NUMBER_OBJECT_CONVERSION = YES_AGGRESSIVE;
				CLANG_CXX_LANGUAGE_STANDARD = "gnu++17";
				CLANG_ENABLE_MODULES = YES;
				CLANG_ENABLE_OBJC_ARC = YES;
				CLANG_ENABLE_OBJC_WEAK = YES;
				CLANG_WARN_BLOCK_CAPTURE_AUTORELEASING = YES;
				CLANG_WARN_BOOL_CONVERSION = YES;
				CLANG_WARN_COMMA = YES;
				CLANG_WARN_CONSTANT_CONVERSION = YES;
				CLANG_WARN_DEPRECATED_OBJC_IMPLEMENTATIONS = YES;
				CLANG_WARN_DIRECT_OBJC_ISA_USAGE = YES_ERROR;
				CLANG_WARN_DOCUMENTATION_COMMENTS = YES;
				CLANG_WARN_EMPTY_BODY = YES;
				CLANG_WARN_ENUM_CONVERSION = YES;
				CLANG_WARN_INFINITE_RECURSION = YES;
				CLANG_WARN_INT_CONVERSION = YES;
				CLANG_WARN_NON_LITERAL_NULL_CONVERSION = YES;
				CLANG_WARN_OBJC_IMPLICIT_RETAIN_SELF = YES;
				CLANG_WARN_OBJC_LITERAL_CONVERSION = YES;
				CLANG_WARN_OBJC_ROOT_CLASS = YES_ERROR;
				CLANG_WARN_QUOTED_INCLUDE_IN_FRAMEWORK_HEADER = YES;
				CLANG_WARN_RANGE_LOOP_ANALYSIS = YES;
				CLANG_WARN_STRICT_PROTOTYPES = YES;
				CLANG_WARN_SUSPICIOUS_MOVE = YES;
				CLANG_WARN_UNGUARDED_AVAILABILITY = YES_AGGRESSIVE;
				CLANG_WARN_UNREACHABLE_CODE = YES;
				CLANG_WARN__DUPLICATE_METHOD_MATCH = YES;
				COPY_PHASE_STRIP = NO;
				DEBUG_INFORMATION_FORMAT = dwarf;
				ENABLE_STRICT_OBJC_MSGSEND = YES;
				ENABLE_TESTABILITY = YES;
				GCC_C_LANGUAGE_STANDARD = gnu11;
				GCC_DYNAMIC_NO_PIC = NO;
				GCC_NO_COMMON_BLOCKS = YES;
				GCC_OPTIMIZATION_LEVEL = 0;
				GCC_PREPROCESSOR_DEFINITIONS = (
					"DEBUG=1",
					"$(inherited)",
				);
				GCC_WARN_64_TO_32_BIT_CONVERSION = YES;
				GCC_WARN_ABOUT_RETURN_TYPE = YES_ERROR;
				GCC_WARN_UNDECLARED_SELECTOR = YES;
				GCC_WARN_UNINITIALIZED_AUTOS = YES_AGGRESSIVE;
				GCC_WARN_UNUSED_FUNCTION = YES;
				GCC_WARN_UNUSED_VARIABLE = YES;
				IPHONEOS_DEPLOYMENT_TARGET = 15.5;
				MTL_ENABLE_DEBUG_INFO = INCLUDE_SOURCE;
				MTL_FAST_MATH = YES;
				ONLY_ACTIVE_ARCH = YES;
				SDKROOT = iphoneos;
				SWIFT_ACTIVE_COMPILATION_CONDITIONS = DEBUG;
				SWIFT_OPTIMIZATION_LEVEL = "-Onone";
			};
			name = Debug;
		};
		AF89D72C28638F4700E5BCE3 /* Release */ = {
			isa = XCBuildConfiguration;
			buildSettings = {
				ALWAYS_SEARCH_USER_PATHS = NO;
				CLANG_ANALYZER_NONNULL = YES;
				CLANG_ANALYZER_NUMBER_OBJECT_CONVERSION = YES_AGGRESSIVE;
				CLANG_CXX_LANGUAGE_STANDARD = "gnu++17";
				CLANG_ENABLE_MODULES = YES;
				CLANG_ENABLE_OBJC_ARC = YES;
				CLANG_ENABLE_OBJC_WEAK = YES;
				CLANG_WARN_BLOCK_CAPTURE_AUTORELEASING = YES;
				CLANG_WARN_BOOL_CONVERSION = YES;
				CLANG_WARN_COMMA = YES;
				CLANG_WARN_CONSTANT_CONVERSION = YES;
				CLANG_WARN_DEPRECATED_OBJC_IMPLEMENTATIONS = YES;
				CLANG_WARN_DIRECT_OBJC_ISA_USAGE = YES_ERROR;
				CLANG_WARN_DOCUMENTATION_COMMENTS = YES;
				CLANG_WARN_EMPTY_BODY = YES;
				CLANG_WARN_ENUM_CONVERSION = YES;
				CLANG_WARN_INFINITE_RECURSION = YES;
				CLANG_WARN_INT_CONVERSION = YES;
				CLANG_WARN_NON_LITERAL_NULL_CONVERSION = YES;
				CLANG_WARN_OBJC_IMPLICIT_RETAIN_SELF = YES;
				CLANG_WARN_OBJC_LITERAL_CONVERSION = YES;
				CLANG_WARN_OBJC_ROOT_CLASS = YES_ERROR;
				CLANG_WARN_QUOTED_INCLUDE_IN_FRAMEWORK_HEADER = YES;
				CLANG_WARN_RANGE_LOOP_ANALYSIS = YES;
				CLANG_WARN_STRICT_PROTOTYPES = YES;
				CLANG_WARN_SUSPICIOUS_MOVE = YES;
				CLANG_WARN_UNGUARDED_AVAILABILITY = YES_AGGRESSIVE;
				CLANG_WARN_UNREACHABLE_CODE = YES;
				CLANG_WARN__DUPLICATE_METHOD_MATCH = YES;
				COPY_PHASE_STRIP = NO;
				DEBUG_INFORMATION_FORMAT = "dwarf-with-dsym";
				ENABLE_NS_ASSERTIONS = NO;
				ENABLE_STRICT_OBJC_MSGSEND = YES;
				GCC_C_LANGUAGE_STANDARD = gnu11;
				GCC_NO_COMMON_BLOCKS = YES;
				GCC_WARN_64_TO_32_BIT_CONVERSION = YES;
				GCC_WARN_ABOUT_RETURN_TYPE = YES_ERROR;
				GCC_WARN_UNDECLARED_SELECTOR = YES;
				GCC_WARN_UNINITIALIZED_AUTOS = YES_AGGRESSIVE;
				GCC_WARN_UNUSED_FUNCTION = YES;
				GCC_WARN_UNUSED_VARIABLE = YES;
				IPHONEOS_DEPLOYMENT_TARGET = 15.5;
				MTL_ENABLE_DEBUG_INFO = NO;
				MTL_FAST_MATH = YES;
				SDKROOT = iphoneos;
				SWIFT_COMPILATION_MODE = wholemodule;
				SWIFT_OPTIMIZATION_LEVEL = "-O";
				VALIDATE_PRODUCT = YES;
			};
			name = Release;
		};
		AF89D72E28638F4700E5BCE3 /* Debug */ = {
			isa = XCBuildConfiguration;
			buildSettings = {
				ASSETCATALOG_COMPILER_APPICON_NAME = AppIcon;
				ASSETCATALOG_COMPILER_GLOBAL_ACCENT_COLOR_NAME = AccentColor;
				CODE_SIGN_STYLE = Automatic;
				CURRENT_PROJECT_VERSION = 1;
				DEVELOPMENT_ASSET_PATHS = "\"Weather App/Preview Content\"";
				DEVELOPMENT_TEAM = 5U4R837TF6;
				ENABLE_PREVIEWS = YES;
				GENERATE_INFOPLIST_FILE = YES;
				INFOPLIST_KEY_NSLocationWhenInUseUsageDescription = "We need your location to get the current weather for ";
				INFOPLIST_KEY_UIApplicationSceneManifest_Generation = YES;
				INFOPLIST_KEY_UIApplicationSupportsIndirectInputEvents = YES;
				INFOPLIST_KEY_UILaunchScreen_Generation = YES;
				INFOPLIST_KEY_UISupportedInterfaceOrientations_iPad = "UIInterfaceOrientationPortrait UIInterfaceOrientationPortraitUpsideDown UIInterfaceOrientationLandscapeLeft UIInterfaceOrientationLandscapeRight";
				INFOPLIST_KEY_UISupportedInterfaceOrientations_iPhone = "UIInterfaceOrientationPortrait UIInterfaceOrientationLandscapeLeft UIInterfaceOrientationLandscapeRight";
				LD_RUNPATH_SEARCH_PATHS = (
					"$(inherited)",
					"@executable_path/Frameworks",
				);
				MARKETING_VERSION = 1.0;
				PRODUCT_BUNDLE_IDENTIFIER = "com.r3zSoft.Weather-App";
				PRODUCT_NAME = "$(TARGET_NAME)";
				SWIFT_EMIT_LOC_STRINGS = YES;
				SWIFT_VERSION = 5.0;
				TARGETED_DEVICE_FAMILY = "1,2";
			};
			name = Debug;
		};
		AF89D72F28638F4700E5BCE3 /* Release */ = {
			isa = XCBuildConfiguration;
			buildSettings = {
				ASSETCATALOG_COMPILER_APPICON_NAME = AppIcon;
				ASSETCATALOG_COMPILER_GLOBAL_ACCENT_COLOR_NAME = AccentColor;
				CODE_SIGN_STYLE = Automatic;
				CURRENT_PROJECT_VERSION = 1;
				DEVELOPMENT_ASSET_PATHS = "\"Weather App/Preview Content\"";
				DEVELOPMENT_TEAM = 5U4R837TF6;
				ENABLE_PREVIEWS = YES;
				GENERATE_INFOPLIST_FILE = YES;
				INFOPLIST_KEY_NSLocationWhenInUseUsageDescription = "We need your location to get the current weather for ";
				INFOPLIST_KEY_UIApplicationSceneManifest_Generation = YES;
				INFOPLIST_KEY_UIApplicationSupportsIndirectInputEvents = YES;
				INFOPLIST_KEY_UILaunchScreen_Generation = YES;
				INFOPLIST_KEY_UISupportedInterfaceOrientations_iPad = "UIInterfaceOrientationPortrait UIInterfaceOrientationPortraitUpsideDown UIInterfaceOrientationLandscapeLeft UIInterfaceOrientationLandscapeRight";
				INFOPLIST_KEY_UISupportedInterfaceOrientations_iPhone = "UIInterfaceOrientationPortrait UIInterfaceOrientationLandscapeLeft UIInterfaceOrientationLandscapeRight";
				LD_RUNPATH_SEARCH_PATHS = (
					"$(inherited)",
					"@executable_path/Frameworks",
				);
				MARKETING_VERSION = 1.0;
				PRODUCT_BUNDLE_IDENTIFIER = "com.r3zSoft.Weather-App";
				PRODUCT_NAME = "$(TARGET_NAME)";
				SWIFT_EMIT_LOC_STRINGS = YES;
				SWIFT_VERSION = 5.0;
				TARGETED_DEVICE_FAMILY = "1,2";
			};
			name = Release;
		};
/* End XCBuildConfiguration section */

/* Begin XCConfigurationList section */
		AF89D71A28638F4700E5BCE3 /* Build configuration list for PBXProject "Weather App" */ = {
			isa = XCConfigurationList;
			buildConfigurations = (
				AF89D72B28638F4700E5BCE3 /* Debug */,
				AF89D72C28638F4700E5BCE3 /* Release */,
			);
			defaultConfigurationIsVisible = 0;
			defaultConfigurationName = Release;
		};
		AF89D72D28638F4700E5BCE3 /* Build configuration list for PBXNativeTarget "Weather App" */ = {
			isa = XCConfigurationList;
			buildConfigurations = (
				AF89D72E28638F4700E5BCE3 /* Debug */,
				AF89D72F28638F4700E5BCE3 /* Release */,
			);
			defaultConfigurationIsVisible = 0;
			defaultConfigurationName = Release;
		};
/* End XCConfigurationList section */
	};
	rootObject = AF89D71728638F4700E5BCE3 /* Project object */;
}
